
Microsoft Visual Studio Solution File, Format Version 12.00
# Visual Studio Version 16
VisualStudioVersion = 16.0.30523.141
MinimumVisualStudioVersion = 10.0.40219.1
Project("{FAE04EC0-301F-11D3-BF4B-00C04F79EFBC}") = "ASPCore", "ASPCore\ASPCore.csproj", "{464B3632-2724-4300-AF98-ABFB6F35C155}"
EndProject
Global
	GlobalSection(SolutionConfigurationPlatforms) = preSolution
		Debug|Any CPU = Debug|Any CPU
		Release|Any CPU = Release|Any CPU
	EndGlobalSection
	GlobalSection(ProjectConfigurationPlatforms) = postSolution
		{464B3632-2724-4300-AF98-ABFB6F35C155}.Debug|Any CPU.ActiveCfg = Debug|Any CPU
		{464B3632-2724-4300-AF98-ABFB6F35C155}.Debug|Any CPU.Build.0 = Debug|Any CPU
		{464B3632-2724-4300-AF98-ABFB6F35C155}.Release|Any CPU.ActiveCfg = Release|Any CPU
		{464B3632-2724-4300-AF98-ABFB6F35C155}.Release|Any CPU.Build.0 = Release|Any CPU
	EndGlobalSection
	GlobalSection(SolutionProperties) = preSolution
		HideSolutionNode = FALSE
	EndGlobalSection
	GlobalSection(ExtensibilityGlobals) = postSolution
		SolutionGuid = {AC8AD8C8-AF77-48E3-AAFB-E3CD9EB76552}
	EndGlobalSection
EndGlobal
